// !$*UTF8*$!
{
	archiveVersion = 1;
	classes = {
	};
	objectVersion = 56;
	objects = {

/* Begin PBXBuildFile section */
		EDACC5482BD688FD00E0EB72 /* AppDelegate.swift in Sources */ = {isa = PBXBuildFile; fileRef = EDACC5472BD688FD00E0EB72 /* AppDelegate.swift */; };
		EDACC54A2BD688FD00E0EB72 /* SceneDelegate.swift in Sources */ = {isa = PBXBuildFile; fileRef = EDACC5492BD688FD00E0EB72 /* SceneDelegate.swift */; };
		EDACC54C2BD688FD00E0EB72 /* MainViewController.swift in Sources */ = {isa = PBXBuildFile; fileRef = EDACC54B2BD688FD00E0EB72 /* MainViewController.swift */; };
		EDACC54F2BD688FD00E0EB72 /* Main.storyboard in Resources */ = {isa = PBXBuildFile; fileRef = EDACC54D2BD688FD00E0EB72 /* Main.storyboard */; };
		EDACC5522BD688FD00E0EB72 /* CinemaStar.xcdatamodeld in Sources */ = {isa = PBXBuildFile; fileRef = EDACC5502BD688FD00E0EB72 /* CinemaStar.xcdatamodeld */; };
		EDACC5542BD688FD00E0EB72 /* Assets.xcassets in Resources */ = {isa = PBXBuildFile; fileRef = EDACC5532BD688FD00E0EB72 /* Assets.xcassets */; };
		EDACC5572BD688FD00E0EB72 /* LaunchScreen.storyboard in Resources */ = {isa = PBXBuildFile; fileRef = EDACC5552BD688FD00E0EB72 /* LaunchScreen.storyboard */; };
		EDACC5642BD68CAB00E0EB72 /* FilmDetailsViewController.swift in Sources */ = {isa = PBXBuildFile; fileRef = EDACC5632BD68CAB00E0EB72 /* FilmDetailsViewController.swift */; };
		EDACC5672BD68FD600E0EB72 /* BaseCoordinator.swift in Sources */ = {isa = PBXBuildFile; fileRef = EDACC5662BD68FD600E0EB72 /* BaseCoordinator.swift */; };
		EDACC5692BD6902000E0EB72 /* AppCoordinator.swift in Sources */ = {isa = PBXBuildFile; fileRef = EDACC5682BD6902000E0EB72 /* AppCoordinator.swift */; };
		EDACC56B2BD692FA00E0EB72 /* CinemaCoordinator.swift in Sources */ = {isa = PBXBuildFile; fileRef = EDACC56A2BD692FA00E0EB72 /* CinemaCoordinator.swift */; };
		EDACC56E2BD6960400E0EB72 /* Builder.swift in Sources */ = {isa = PBXBuildFile; fileRef = EDACC56D2BD6960400E0EB72 /* Builder.swift */; };
/* End PBXBuildFile section */

/* Begin PBXFileReference section */
		EDACC5442BD688FD00E0EB72 /* CinemaStar.app */ = {isa = PBXFileReference; explicitFileType = wrapper.application; includeInIndex = 0; path = CinemaStar.app; sourceTree = BUILT_PRODUCTS_DIR; };
		EDACC5472BD688FD00E0EB72 /* AppDelegate.swift */ = {isa = PBXFileReference; lastKnownFileType = sourcecode.swift; path = AppDelegate.swift; sourceTree = "<group>"; };
		EDACC5492BD688FD00E0EB72 /* SceneDelegate.swift */ = {isa = PBXFileReference; lastKnownFileType = sourcecode.swift; path = SceneDelegate.swift; sourceTree = "<group>"; };
		EDACC54B2BD688FD00E0EB72 /* MainViewController.swift */ = {isa = PBXFileReference; lastKnownFileType = sourcecode.swift; path = MainViewController.swift; sourceTree = "<group>"; };
		EDACC54E2BD688FD00E0EB72 /* Base */ = {isa = PBXFileReference; lastKnownFileType = file.storyboard; name = Base; path = Base.lproj/Main.storyboard; sourceTree = "<group>"; };
		EDACC5512BD688FD00E0EB72 /* CinemaStar.xcdatamodel */ = {isa = PBXFileReference; lastKnownFileType = wrapper.xcdatamodel; path = CinemaStar.xcdatamodel; sourceTree = "<group>"; };
		EDACC5532BD688FD00E0EB72 /* Assets.xcassets */ = {isa = PBXFileReference; lastKnownFileType = folder.assetcatalog; path = Assets.xcassets; sourceTree = "<group>"; };
		EDACC5562BD688FD00E0EB72 /* Base */ = {isa = PBXFileReference; lastKnownFileType = file.storyboard; name = Base; path = Base.lproj/LaunchScreen.storyboard; sourceTree = "<group>"; };
		EDACC5582BD688FD00E0EB72 /* Info.plist */ = {isa = PBXFileReference; lastKnownFileType = text.plist.xml; path = Info.plist; sourceTree = "<group>"; };
		EDACC5632BD68CAB00E0EB72 /* FilmDetailsViewController.swift */ = {isa = PBXFileReference; lastKnownFileType = sourcecode.swift; path = FilmDetailsViewController.swift; sourceTree = "<group>"; };
		EDACC5662BD68FD600E0EB72 /* BaseCoordinator.swift */ = {isa = PBXFileReference; lastKnownFileType = sourcecode.swift; path = BaseCoordinator.swift; sourceTree = "<group>"; };
		EDACC5682BD6902000E0EB72 /* AppCoordinator.swift */ = {isa = PBXFileReference; lastKnownFileType = sourcecode.swift; path = AppCoordinator.swift; sourceTree = "<group>"; };
		EDACC56A2BD692FA00E0EB72 /* CinemaCoordinator.swift */ = {isa = PBXFileReference; lastKnownFileType = sourcecode.swift; path = CinemaCoordinator.swift; sourceTree = "<group>"; };
		EDACC56D2BD6960400E0EB72 /* Builder.swift */ = {isa = PBXFileReference; lastKnownFileType = sourcecode.swift; path = Builder.swift; sourceTree = "<group>"; };
/* End PBXFileReference section */

/* Begin PBXFrameworksBuildPhase section */
		EDACC5412BD688FD00E0EB72 /* Frameworks */ = {
			isa = PBXFrameworksBuildPhase;
			buildActionMask = 2147483647;
			files = (
			);
			runOnlyForDeploymentPostprocessing = 0;
		};
/* End PBXFrameworksBuildPhase section */

/* Begin PBXGroup section */
		EDACC53B2BD688FD00E0EB72 = {
			isa = PBXGroup;
			children = (
				EDACC5462BD688FD00E0EB72 /* CinemaStar */,
				EDACC5452BD688FD00E0EB72 /* Products */,
			);
			sourceTree = "<group>";
		};
		EDACC5452BD688FD00E0EB72 /* Products */ = {
			isa = PBXGroup;
			children = (
				EDACC5442BD688FD00E0EB72 /* CinemaStar.app */,
			);
			name = Products;
			sourceTree = "<group>";
		};
		EDACC5462BD688FD00E0EB72 /* CinemaStar */ = {
			isa = PBXGroup;
			children = (
				EDACC5652BD68F7D00E0EB72 /* Coordinaters */,
				EDACC5622BD68C6C00E0EB72 /* DetailScreen */,
				EDACC5612BD68C5800E0EB72 /* MainScreen */,
				EDACC5602BD6899200E0EB72 /* Delegate */,
				EDACC54D2BD688FD00E0EB72 /* Main.storyboard */,
				EDACC5532BD688FD00E0EB72 /* Assets.xcassets */,
				EDACC5552BD688FD00E0EB72 /* LaunchScreen.storyboard */,
				EDACC5582BD688FD00E0EB72 /* Info.plist */,
				EDACC5502BD688FD00E0EB72 /* CinemaStar.xcdatamodeld */,
			);
			path = CinemaStar;
			sourceTree = "<group>";
		};
		EDACC5602BD6899200E0EB72 /* Delegate */ = {
			isa = PBXGroup;
			children = (
				EDACC5492BD688FD00E0EB72 /* SceneDelegate.swift */,
				EDACC5472BD688FD00E0EB72 /* AppDelegate.swift */,
			);
			path = Delegate;
			sourceTree = "<group>";
		};
		EDACC5612BD68C5800E0EB72 /* MainScreen */ = {
			isa = PBXGroup;
			children = (
				EDACC54B2BD688FD00E0EB72 /* MainViewController.swift */,
			);
			path = MainScreen;
			sourceTree = "<group>";
		};
		EDACC5622BD68C6C00E0EB72 /* DetailScreen */ = {
			isa = PBXGroup;
			children = (
				EDACC5632BD68CAB00E0EB72 /* FilmDetailsViewController.swift */,
			);
			path = DetailScreen;
			sourceTree = "<group>";
		};
		EDACC5652BD68F7D00E0EB72 /* Coordinaters */ = {
			isa = PBXGroup;
			children = (
				EDACC56C2BD695D000E0EB72 /* Builder */,
				EDACC5662BD68FD600E0EB72 /* BaseCoordinator.swift */,
				EDACC5682BD6902000E0EB72 /* AppCoordinator.swift */,
				EDACC56A2BD692FA00E0EB72 /* CinemaCoordinator.swift */,
			);
			path = Coordinaters;
			sourceTree = "<group>";
		};
		EDACC56C2BD695D000E0EB72 /* Builder */ = {
			isa = PBXGroup;
			children = (
				EDACC56D2BD6960400E0EB72 /* Builder.swift */,
			);
			path = Builder;
			sourceTree = "<group>";
		};
/* End PBXGroup section */

/* Begin PBXNativeTarget section */
		EDACC5432BD688FD00E0EB72 /* CinemaStar */ = {
			isa = PBXNativeTarget;
			buildConfigurationList = EDACC55B2BD688FD00E0EB72 /* Build configuration list for PBXNativeTarget "CinemaStar" */;
			buildPhases = (
				EDACC55E2BD6891600E0EB72 /* SwiftFormat */,
				EDACC55F2BD6892700E0EB72 /* SwiftLint */,
				EDACC5402BD688FD00E0EB72 /* Sources */,
				EDACC5412BD688FD00E0EB72 /* Frameworks */,
				EDACC5422BD688FD00E0EB72 /* Resources */,
			);
			buildRules = (
			);
			dependencies = (
			);
			name = CinemaStar;
			productName = CinemaStar;
			productReference = EDACC5442BD688FD00E0EB72 /* CinemaStar.app */;
			productType = "com.apple.product-type.application";
		};
/* End PBXNativeTarget section */

/* Begin PBXProject section */
		EDACC53C2BD688FD00E0EB72 /* Project object */ = {
			isa = PBXProject;
			attributes = {
				BuildIndependentTargetsInParallel = 1;
				LastSwiftUpdateCheck = 1430;
				LastUpgradeCheck = 1430;
				TargetAttributes = {
					EDACC5432BD688FD00E0EB72 = {
						CreatedOnToolsVersion = 14.3.1;
					};
				};
			};
			buildConfigurationList = EDACC53F2BD688FD00E0EB72 /* Build configuration list for PBXProject "CinemaStar" */;
			compatibilityVersion = "Xcode 14.0";
			developmentRegion = en;
			hasScannedForEncodings = 0;
			knownRegions = (
				en,
				Base,
			);
			mainGroup = EDACC53B2BD688FD00E0EB72;
			productRefGroup = EDACC5452BD688FD00E0EB72 /* Products */;
			projectDirPath = "";
			projectRoot = "";
			targets = (
				EDACC5432BD688FD00E0EB72 /* CinemaStar */,
			);
		};
/* End PBXProject section */

/* Begin PBXResourcesBuildPhase section */
		EDACC5422BD688FD00E0EB72 /* Resources */ = {
			isa = PBXResourcesBuildPhase;
			buildActionMask = 2147483647;
			files = (
				EDACC5572BD688FD00E0EB72 /* LaunchScreen.storyboard in Resources */,
				EDACC5542BD688FD00E0EB72 /* Assets.xcassets in Resources */,
				EDACC54F2BD688FD00E0EB72 /* Main.storyboard in Resources */,
			);
			runOnlyForDeploymentPostprocessing = 0;
		};
/* End PBXResourcesBuildPhase section */

/* Begin PBXShellScriptBuildPhase section */
		EDACC55E2BD6891600E0EB72 /* SwiftFormat */ = {
			isa = PBXShellScriptBuildPhase;
			alwaysOutOfDate = 1;
			buildActionMask = 2147483647;
			files = (
			);
			inputFileListPaths = (
			);
			inputPaths = (
			);
			name = SwiftFormat;
			outputFileListPaths = (
			);
			outputPaths = (
			);
			runOnlyForDeploymentPostprocessing = 0;
			shellPath = /bin/sh;
			shellScript = "if [[ \"$(uname -m)\" == arm64 ]]; then\n    export PATH=\"/opt/homebrew/bin:$PATH\"\nfi\n\nif which swiftformat > /dev/null; then\n  swiftformat .\nelse\n  echo \"warning: SwiftFormat not installed, download from https://github.com/nicklockwood/SwiftFormat\"\nfi\n";
			showEnvVarsInLog = 0;
		};
		EDACC55F2BD6892700E0EB72 /* SwiftLint */ = {
			isa = PBXShellScriptBuildPhase;
			alwaysOutOfDate = 1;
			buildActionMask = 2147483647;
			files = (
			);
			inputFileListPaths = (
			);
			inputPaths = (
			);
			name = SwiftLint;
			outputFileListPaths = (
			);
			outputPaths = (
			);
			runOnlyForDeploymentPostprocessing = 0;
			shellPath = /bin/sh;
			shellScript = "if [[ \"$(uname -m)\" == arm64 ]]; then\n    export PATH=\"/opt/homebrew/bin:$PATH\"\nfi\n\nif which swiftlint > /dev/null; then\n  swiftlint\nelse\n  echo \"warning: SwiftLint not installed, download from https://github.com/realm/SwiftLint\"\nfi\n";
			showEnvVarsInLog = 0;
		};
/* End PBXShellScriptBuildPhase section */

/* Begin PBXSourcesBuildPhase section */
		EDACC5402BD688FD00E0EB72 /* Sources */ = {
			isa = PBXSourcesBuildPhase;
			buildActionMask = 2147483647;
			files = (
				EDACC54C2BD688FD00E0EB72 /* MainViewController.swift in Sources */,
				EDACC5672BD68FD600E0EB72 /* BaseCoordinator.swift in Sources */,
				EDACC5482BD688FD00E0EB72 /* AppDelegate.swift in Sources */,
				EDACC56B2BD692FA00E0EB72 /* CinemaCoordinator.swift in Sources */,
				EDACC5522BD688FD00E0EB72 /* CinemaStar.xcdatamodeld in Sources */,
				EDACC56E2BD6960400E0EB72 /* Builder.swift in Sources */,
				EDACC54A2BD688FD00E0EB72 /* SceneDelegate.swift in Sources */,
				EDACC5642BD68CAB00E0EB72 /* FilmDetailsViewController.swift in Sources */,
				EDACC5692BD6902000E0EB72 /* AppCoordinator.swift in Sources */,
			);
			runOnlyForDeploymentPostprocessing = 0;
		};
/* End PBXSourcesBuildPhase section */

/* Begin PBXVariantGroup section */
		EDACC54D2BD688FD00E0EB72 /* Main.storyboard */ = {
			isa = PBXVariantGroup;
			children = (
				EDACC54E2BD688FD00E0EB72 /* Base */,
			);
			name = Main.storyboard;
			sourceTree = "<group>";
		};
		EDACC5552BD688FD00E0EB72 /* LaunchScreen.storyboard */ = {
			isa = PBXVariantGroup;
			children = (
				EDACC5562BD688FD00E0EB72 /* Base */,
			);
			name = LaunchScreen.storyboard;
			sourceTree = "<group>";
		};
/* End PBXVariantGroup section */

/* Begin XCBuildConfiguration section */
		EDACC5592BD688FD00E0EB72 /* Debug */ = {
			isa = XCBuildConfiguration;
			buildSettings = {
				ALWAYS_SEARCH_USER_PATHS = NO;
				CLANG_ANALYZER_NONNULL = YES;
				CLANG_ANALYZER_NUMBER_OBJECT_CONVERSION = YES_AGGRESSIVE;
				CLANG_CXX_LANGUAGE_STANDARD = "gnu++20";
				CLANG_ENABLE_MODULES = YES;
				CLANG_ENABLE_OBJC_ARC = YES;
				CLANG_ENABLE_OBJC_WEAK = YES;
				CLANG_WARN_BLOCK_CAPTURE_AUTORELEASING = YES;
				CLANG_WARN_BOOL_CONVERSION = YES;
				CLANG_WARN_COMMA = YES;
				CLANG_WARN_CONSTANT_CONVERSION = YES;
				CLANG_WARN_DEPRECATED_OBJC_IMPLEMENTATIONS = YES;
				CLANG_WARN_DIRECT_OBJC_ISA_USAGE = YES_ERROR;
				CLANG_WARN_DOCUMENTATION_COMMENTS = YES;
				CLANG_WARN_EMPTY_BODY = YES;
				CLANG_WARN_ENUM_CONVERSION = YES;
				CLANG_WARN_INFINITE_RECURSION = YES;
				CLANG_WARN_INT_CONVERSION = YES;
				CLANG_WARN_NON_LITERAL_NULL_CONVERSION = YES;
				CLANG_WARN_OBJC_IMPLICIT_RETAIN_SELF = YES;
				CLANG_WARN_OBJC_LITERAL_CONVERSION = YES;
				CLANG_WARN_OBJC_ROOT_CLASS = YES_ERROR;
				CLANG_WARN_QUOTED_INCLUDE_IN_FRAMEWORK_HEADER = YES;
				CLANG_WARN_RANGE_LOOP_ANALYSIS = YES;
				CLANG_WARN_STRICT_PROTOTYPES = YES;
				CLANG_WARN_SUSPICIOUS_MOVE = YES;
				CLANG_WARN_UNGUARDED_AVAILABILITY = YES_AGGRESSIVE;
				CLANG_WARN_UNREACHABLE_CODE = YES;
				CLANG_WARN__DUPLICATE_METHOD_MATCH = YES;
				COPY_PHASE_STRIP = NO;
				DEBUG_INFORMATION_FORMAT = dwarf;
				ENABLE_STRICT_OBJC_MSGSEND = YES;
				ENABLE_TESTABILITY = YES;
				GCC_C_LANGUAGE_STANDARD = gnu11;
				GCC_DYNAMIC_NO_PIC = NO;
				GCC_NO_COMMON_BLOCKS = YES;
				GCC_OPTIMIZATION_LEVEL = 0;
				GCC_PREPROCESSOR_DEFINITIONS = (
					"DEBUG=1",
					"$(inherited)",
				);
				GCC_WARN_64_TO_32_BIT_CONVERSION = YES;
				GCC_WARN_ABOUT_RETURN_TYPE = YES_ERROR;
				GCC_WARN_UNDECLARED_SELECTOR = YES;
				GCC_WARN_UNINITIALIZED_AUTOS = YES_AGGRESSIVE;
				GCC_WARN_UNUSED_FUNCTION = YES;
				GCC_WARN_UNUSED_VARIABLE = YES;
				IPHONEOS_DEPLOYMENT_TARGET = 16.4;
				MTL_ENABLE_DEBUG_INFO = INCLUDE_SOURCE;
				MTL_FAST_MATH = YES;
				ONLY_ACTIVE_ARCH = YES;
				SDKROOT = iphoneos;
				SWIFT_ACTIVE_COMPILATION_CONDITIONS = DEBUG;
				SWIFT_OPTIMIZATION_LEVEL = "-Onone";
			};
			name = Debug;
		};
		EDACC55A2BD688FD00E0EB72 /* Release */ = {
			isa = XCBuildConfiguration;
			buildSettings = {
				ALWAYS_SEARCH_USER_PATHS = NO;
				CLANG_ANALYZER_NONNULL = YES;
				CLANG_ANALYZER_NUMBER_OBJECT_CONVERSION = YES_AGGRESSIVE;
				CLANG_CXX_LANGUAGE_STANDARD = "gnu++20";
				CLANG_ENABLE_MODULES = YES;
				CLANG_ENABLE_OBJC_ARC = YES;
				CLANG_ENABLE_OBJC_WEAK = YES;
				CLANG_WARN_BLOCK_CAPTURE_AUTORELEASING = YES;
				CLANG_WARN_BOOL_CONVERSION = YES;
				CLANG_WARN_COMMA = YES;
				CLANG_WARN_CONSTANT_CONVERSION = YES;
				CLANG_WARN_DEPRECATED_OBJC_IMPLEMENTATIONS = YES;
				CLANG_WARN_DIRECT_OBJC_ISA_USAGE = YES_ERROR;
				CLANG_WARN_DOCUMENTATION_COMMENTS = YES;
				CLANG_WARN_EMPTY_BODY = YES;
				CLANG_WARN_ENUM_CONVERSION = YES;
				CLANG_WARN_INFINITE_RECURSION = YES;
				CLANG_WARN_INT_CONVERSION = YES;
				CLANG_WARN_NON_LITERAL_NULL_CONVERSION = YES;
				CLANG_WARN_OBJC_IMPLICIT_RETAIN_SELF = YES;
				CLANG_WARN_OBJC_LITERAL_CONVERSION = YES;
				CLANG_WARN_OBJC_ROOT_CLASS = YES_ERROR;
				CLANG_WARN_QUOTED_INCLUDE_IN_FRAMEWORK_HEADER = YES;
				CLANG_WARN_RANGE_LOOP_ANALYSIS = YES;
				CLANG_WARN_STRICT_PROTOTYPES = YES;
				CLANG_WARN_SUSPICIOUS_MOVE = YES;
				CLANG_WARN_UNGUARDED_AVAILABILITY = YES_AGGRESSIVE;
				CLANG_WARN_UNREACHABLE_CODE = YES;
				CLANG_WARN__DUPLICATE_METHOD_MATCH = YES;
				COPY_PHASE_STRIP = NO;
				DEBUG_INFORMATION_FORMAT = "dwarf-with-dsym";
				ENABLE_NS_ASSERTIONS = NO;
				ENABLE_STRICT_OBJC_MSGSEND = YES;
				GCC_C_LANGUAGE_STANDARD = gnu11;
				GCC_NO_COMMON_BLOCKS = YES;
				GCC_WARN_64_TO_32_BIT_CONVERSION = YES;
				GCC_WARN_ABOUT_RETURN_TYPE = YES_ERROR;
				GCC_WARN_UNDECLARED_SELECTOR = YES;
				GCC_WARN_UNINITIALIZED_AUTOS = YES_AGGRESSIVE;
				GCC_WARN_UNUSED_FUNCTION = YES;
				GCC_WARN_UNUSED_VARIABLE = YES;
				IPHONEOS_DEPLOYMENT_TARGET = 16.4;
				MTL_ENABLE_DEBUG_INFO = NO;
				MTL_FAST_MATH = YES;
				SDKROOT = iphoneos;
				SWIFT_COMPILATION_MODE = wholemodule;
				SWIFT_OPTIMIZATION_LEVEL = "-O";
				VALIDATE_PRODUCT = YES;
			};
			name = Release;
		};
		EDACC55C2BD688FD00E0EB72 /* Debug */ = {
			isa = XCBuildConfiguration;
			buildSettings = {
				ASSETCATALOG_COMPILER_APPICON_NAME = AppIcon;
				ASSETCATALOG_COMPILER_GLOBAL_ACCENT_COLOR_NAME = AccentColor;
				CODE_SIGN_STYLE = Automatic;
				CURRENT_PROJECT_VERSION = 1;
				GENERATE_INFOPLIST_FILE = YES;
				INFOPLIST_FILE = CinemaStar/Info.plist;
				INFOPLIST_KEY_UIApplicationSupportsIndirectInputEvents = YES;
				INFOPLIST_KEY_UILaunchStoryboardName = LaunchScreen;
				INFOPLIST_KEY_UIMainStoryboardFile = Main;
				INFOPLIST_KEY_UISupportedInterfaceOrientations_iPad = "UIInterfaceOrientationPortrait UIInterfaceOrientationPortraitUpsideDown UIInterfaceOrientationLandscapeLeft UIInterfaceOrientationLandscapeRight";
				INFOPLIST_KEY_UISupportedInterfaceOrientations_iPhone = "UIInterfaceOrientationPortrait UIInterfaceOrientationLandscapeLeft UIInterfaceOrientationLandscapeRight";
				LD_RUNPATH_SEARCH_PATHS = (
					"$(inherited)",
					"@executable_path/Frameworks",
				);
				MARKETING_VERSION = 1.0;
				PRODUCT_BUNDLE_IDENTIFIER = com.helendudareva.CinemaStar;
				PRODUCT_NAME = "$(TARGET_NAME)";
				SWIFT_EMIT_LOC_STRINGS = YES;
				SWIFT_VERSION = 5.0;
				TARGETED_DEVICE_FAMILY = "1,2";
			};
			name = Debug;
		};
		EDACC55D2BD688FD00E0EB72 /* Release */ = {
			isa = XCBuildConfiguration;
			buildSettings = {
				ASSETCATALOG_COMPILER_APPICON_NAME = AppIcon;
				ASSETCATALOG_COMPILER_GLOBAL_ACCENT_COLOR_NAME = AccentColor;
				CODE_SIGN_STYLE = Automatic;
				CURRENT_PROJECT_VERSION = 1;
				GENERATE_INFOPLIST_FILE = YES;
				INFOPLIST_FILE = CinemaStar/Info.plist;
				INFOPLIST_KEY_UIApplicationSupportsIndirectInputEvents = YES;
				INFOPLIST_KEY_UILaunchStoryboardName = LaunchScreen;
				INFOPLIST_KEY_UIMainStoryboardFile = Main;
				INFOPLIST_KEY_UISupportedInterfaceOrientations_iPad = "UIInterfaceOrientationPortrait UIInterfaceOrientationPortraitUpsideDown UIInterfaceOrientationLandscapeLeft UIInterfaceOrientationLandscapeRight";
				INFOPLIST_KEY_UISupportedInterfaceOrientations_iPhone = "UIInterfaceOrientationPortrait UIInterfaceOrientationLandscapeLeft UIInterfaceOrientationLandscapeRight";
				LD_RUNPATH_SEARCH_PATHS = (
					"$(inherited)",
					"@executable_path/Frameworks",
				);
				MARKETING_VERSION = 1.0;
				PRODUCT_BUNDLE_IDENTIFIER = com.helendudareva.CinemaStar;
				PRODUCT_NAME = "$(TARGET_NAME)";
				SWIFT_EMIT_LOC_STRINGS = YES;
				SWIFT_VERSION = 5.0;
				TARGETED_DEVICE_FAMILY = "1,2";
			};
			name = Release;
		};
/* End XCBuildConfiguration section */

/* Begin XCConfigurationList section */
		EDACC53F2BD688FD00E0EB72 /* Build configuration list for PBXProject "CinemaStar" */ = {
			isa = XCConfigurationList;
			buildConfigurations = (
				EDACC5592BD688FD00E0EB72 /* Debug */,
				EDACC55A2BD688FD00E0EB72 /* Release */,
			);
			defaultConfigurationIsVisible = 0;
			defaultConfigurationName = Release;
		};
		EDACC55B2BD688FD00E0EB72 /* Build configuration list for PBXNativeTarget "CinemaStar" */ = {
			isa = XCConfigurationList;
			buildConfigurations = (
				EDACC55C2BD688FD00E0EB72 /* Debug */,
				EDACC55D2BD688FD00E0EB72 /* Release */,
			);
			defaultConfigurationIsVisible = 0;
			defaultConfigurationName = Release;
		};
/* End XCConfigurationList section */

/* Begin XCVersionGroup section */
		EDACC5502BD688FD00E0EB72 /* CinemaStar.xcdatamodeld */ = {
			isa = XCVersionGroup;
			children = (
				EDACC5512BD688FD00E0EB72 /* CinemaStar.xcdatamodel */,
			);
			currentVersion = EDACC5512BD688FD00E0EB72 /* CinemaStar.xcdatamodel */;
			path = CinemaStar.xcdatamodeld;
			sourceTree = "<group>";
			versionGroupType = wrapper.xcdatamodel;
		};
/* End XCVersionGroup section */
	};
	rootObject = EDACC53C2BD688FD00E0EB72 /* Project object */;
}
