// !$*UTF8*$!
{
	archiveVersion = 1;
	classes = {
	};
	objectVersion = 56;
	objects = {

/* Begin PBXBuildFile section */
		ED2A38852BD832F80000737B /* NetworkRequestProtocol.swift in Sources */ = {isa = PBXBuildFile; fileRef = ED2A38842BD832F80000737B /* NetworkRequestProtocol.swift */; };
		ED2A38882BD8388B0000737B /* ImageRequest.swift in Sources */ = {isa = PBXBuildFile; fileRef = ED2A38872BD8388B0000737B /* ImageRequest.swift */; };
		ED2A388A2BD838AB0000737B /* ApiRequest.swift in Sources */ = {isa = PBXBuildFile; fileRef = ED2A38892BD838AB0000737B /* ApiRequest.swift */; };
		ED72D39F2BDA885E00BF29AF /* FilmsResource.swift in Sources */ = {isa = PBXBuildFile; fileRef = ED72D39E2BDA885E00BF29AF /* FilmsResource.swift */; };
		ED72D3A12BDA887500BF29AF /* FilmsDetailResource.swift in Sources */ = {isa = PBXBuildFile; fileRef = ED72D3A02BDA887500BF29AF /* FilmsDetailResource.swift */; };
		ED72D3A32BDA945900BF29AF /* MovieType.swift in Sources */ = {isa = PBXBuildFile; fileRef = ED72D3A22BDA945900BF29AF /* MovieType.swift */; };
		ED72D3A52BDA952200BF29AF /* Poster.swift in Sources */ = {isa = PBXBuildFile; fileRef = ED72D3A42BDA952200BF29AF /* Poster.swift */; };
		ED72D3A72BDA953200BF29AF /* Country.swift in Sources */ = {isa = PBXBuildFile; fileRef = ED72D3A62BDA953200BF29AF /* Country.swift */; };
		ED72D3A92BDA954100BF29AF /* Rating.swift in Sources */ = {isa = PBXBuildFile; fileRef = ED72D3A82BDA954100BF29AF /* Rating.swift */; };
		ED72D3AB2BDA954E00BF29AF /* Person.swift in Sources */ = {isa = PBXBuildFile; fileRef = ED72D3AA2BDA954E00BF29AF /* Person.swift */; };
		ED72D3AD2BDA955A00BF29AF /* SimilarMovie.swift in Sources */ = {isa = PBXBuildFile; fileRef = ED72D3AC2BDA955A00BF29AF /* SimilarMovie.swift */; };
		ED72D3AF2BDAD5CC00BF29AF /* Typealias.swift in Sources */ = {isa = PBXBuildFile; fileRef = ED72D3AE2BDAD5CC00BF29AF /* Typealias.swift */; };
		ED72D3B42BDADD0900BF29AF /* DescriptionTableViewCell.swift in Sources */ = {isa = PBXBuildFile; fileRef = ED72D3B32BDADD0900BF29AF /* DescriptionTableViewCell.swift */; };
		ED72D3B62BDAE6DA00BF29AF /* StateButton.swift in Sources */ = {isa = PBXBuildFile; fileRef = ED72D3B52BDAE6DA00BF29AF /* StateButton.swift */; };
		ED72D3B92BDAE84600BF29AF /* FavoritesStorageService.swift in Sources */ = {isa = PBXBuildFile; fileRef = ED72D3B82BDAE84600BF29AF /* FavoritesStorageService.swift */; };
		ED801EC92BD913830099C11A /* CellType.swift in Sources */ = {isa = PBXBuildFile; fileRef = ED801EC82BD913830099C11A /* CellType.swift */; };
		ED801ECE2BD91BD70099C11A /* Detail.swift in Sources */ = {isa = PBXBuildFile; fileRef = ED801ECD2BD91BD70099C11A /* Detail.swift */; };
		ED801ED02BD91C720099C11A /* DetailDTO.swift in Sources */ = {isa = PBXBuildFile; fileRef = ED801ECF2BD91C720099C11A /* DetailDTO.swift */; };
		ED801ED22BD920470099C11A /* InfoTableViewCell.swift in Sources */ = {isa = PBXBuildFile; fileRef = ED801ED12BD920470099C11A /* InfoTableViewCell.swift */; };
		ED801ED42BD926120099C11A /* ActorTableViewCell.swift in Sources */ = {isa = PBXBuildFile; fileRef = ED801ED32BD926120099C11A /* ActorTableViewCell.swift */; };
		ED801ED62BD926210099C11A /* RecomendationTableViewCell.swift in Sources */ = {isa = PBXBuildFile; fileRef = ED801ED52BD926210099C11A /* RecomendationTableViewCell.swift */; };
		ED801EDE2BD952D20099C11A /* ActorsCollectionViewCell.swift in Sources */ = {isa = PBXBuildFile; fileRef = ED801EDD2BD952D20099C11A /* ActorsCollectionViewCell.swift */; };
		ED801EE02BD964A30099C11A /* RecommendationCollectionViewCell.swift in Sources */ = {isa = PBXBuildFile; fileRef = ED801EDF2BD964A30099C11A /* RecommendationCollectionViewCell.swift */; };
		EDACC5482BD688FD00E0EB72 /* AppDelegate.swift in Sources */ = {isa = PBXBuildFile; fileRef = EDACC5472BD688FD00E0EB72 /* AppDelegate.swift */; };
		EDACC54A2BD688FD00E0EB72 /* SceneDelegate.swift in Sources */ = {isa = PBXBuildFile; fileRef = EDACC5492BD688FD00E0EB72 /* SceneDelegate.swift */; };
		EDACC54C2BD688FD00E0EB72 /* MainViewController.swift in Sources */ = {isa = PBXBuildFile; fileRef = EDACC54B2BD688FD00E0EB72 /* MainViewController.swift */; };
		EDACC54F2BD688FD00E0EB72 /* Main.storyboard in Resources */ = {isa = PBXBuildFile; fileRef = EDACC54D2BD688FD00E0EB72 /* Main.storyboard */; };
		EDACC5522BD688FD00E0EB72 /* CinemaStar.xcdatamodeld in Sources */ = {isa = PBXBuildFile; fileRef = EDACC5502BD688FD00E0EB72 /* CinemaStar.xcdatamodeld */; };
		EDACC5542BD688FD00E0EB72 /* Assets.xcassets in Resources */ = {isa = PBXBuildFile; fileRef = EDACC5532BD688FD00E0EB72 /* Assets.xcassets */; };
		EDACC5572BD688FD00E0EB72 /* LaunchScreen.storyboard in Resources */ = {isa = PBXBuildFile; fileRef = EDACC5552BD688FD00E0EB72 /* LaunchScreen.storyboard */; };
		EDACC5642BD68CAB00E0EB72 /* FilmDetailsViewController.swift in Sources */ = {isa = PBXBuildFile; fileRef = EDACC5632BD68CAB00E0EB72 /* FilmDetailsViewController.swift */; };
		EDACC5672BD68FD600E0EB72 /* BaseCoordinator.swift in Sources */ = {isa = PBXBuildFile; fileRef = EDACC5662BD68FD600E0EB72 /* BaseCoordinator.swift */; };
		EDACC5692BD6902000E0EB72 /* AppCoordinator.swift in Sources */ = {isa = PBXBuildFile; fileRef = EDACC5682BD6902000E0EB72 /* AppCoordinator.swift */; };
		EDACC56B2BD692FA00E0EB72 /* CinemaCoordinator.swift in Sources */ = {isa = PBXBuildFile; fileRef = EDACC56A2BD692FA00E0EB72 /* CinemaCoordinator.swift */; };
		EDACC56E2BD6960400E0EB72 /* Builder.swift in Sources */ = {isa = PBXBuildFile; fileRef = EDACC56D2BD6960400E0EB72 /* Builder.swift */; };
		EDACC5782BD69EF100E0EB72 /* MainViewModel.swift in Sources */ = {isa = PBXBuildFile; fileRef = EDACC5772BD69EF100E0EB72 /* MainViewModel.swift */; };
		EDACC57A2BD69F1600E0EB72 /* DetailsViewModel.swift in Sources */ = {isa = PBXBuildFile; fileRef = EDACC5792BD69F1600E0EB72 /* DetailsViewModel.swift */; };
		EDACC57C2BD6C45600E0EB72 /* Film.swift in Sources */ = {isa = PBXBuildFile; fileRef = EDACC57B2BD6C45600E0EB72 /* Film.swift */; };
		EDACC5812BD6D6FD00E0EB72 /* APIResource.swift in Sources */ = {isa = PBXBuildFile; fileRef = EDACC5802BD6D6FD00E0EB72 /* APIResource.swift */; };
		EDACC5832BD6E16400E0EB72 /* AppConstants.swift in Sources */ = {isa = PBXBuildFile; fileRef = EDACC5822BD6E16400E0EB72 /* AppConstants.swift */; };
		EDACC5852BD6E55600E0EB72 /* CinemaCollectionViewCell.swift in Sources */ = {isa = PBXBuildFile; fileRef = EDACC5842BD6E55600E0EB72 /* CinemaCollectionViewCell.swift */; };
		EDACC58B2BD6EE1B00E0EB72 /* FilmsDTO.swift in Sources */ = {isa = PBXBuildFile; fileRef = EDACC58A2BD6EE1B00E0EB72 /* FilmsDTO.swift */; };
		EDACC58D2BD6EE2800E0EB72 /* FilmDTO.swift in Sources */ = {isa = PBXBuildFile; fileRef = EDACC58C2BD6EE2800E0EB72 /* FilmDTO.swift */; };
		EDACC58F2BD6EE8B00E0EB72 /* ImageDTO.swift in Sources */ = {isa = PBXBuildFile; fileRef = EDACC58E2BD6EE8B00E0EB72 /* ImageDTO.swift */; };
		EDACC5912BD6EE9E00E0EB72 /* RatingDTO.swift in Sources */ = {isa = PBXBuildFile; fileRef = EDACC5902BD6EE9E00E0EB72 /* RatingDTO.swift */; };
		EDACC59D2BD78EDC00E0EB72 /* Inter.ttf in Resources */ = {isa = PBXBuildFile; fileRef = EDACC59C2BD78EDC00E0EB72 /* Inter.ttf */; };
		EDACC5AB2BD7944000E0EB72 /* InterBold.ttf in Resources */ = {isa = PBXBuildFile; fileRef = EDACC5AA2BD7944000E0EB72 /* InterBold.ttf */; };
		EDACC5AD2BD7949000E0EB72 /* Inter-Bold.ttf in Resources */ = {isa = PBXBuildFile; fileRef = EDACC5AC2BD7949000E0EB72 /* Inter-Bold.ttf */; };
/* End PBXBuildFile section */

/* Begin PBXFileReference section */
		ED2A38842BD832F80000737B /* NetworkRequestProtocol.swift */ = {isa = PBXFileReference; lastKnownFileType = sourcecode.swift; path = NetworkRequestProtocol.swift; sourceTree = "<group>"; };
		ED2A38872BD8388B0000737B /* ImageRequest.swift */ = {isa = PBXFileReference; lastKnownFileType = sourcecode.swift; path = ImageRequest.swift; sourceTree = "<group>"; };
		ED2A38892BD838AB0000737B /* ApiRequest.swift */ = {isa = PBXFileReference; lastKnownFileType = sourcecode.swift; path = ApiRequest.swift; sourceTree = "<group>"; };
		ED72D39E2BDA885E00BF29AF /* FilmsResource.swift */ = {isa = PBXFileReference; lastKnownFileType = sourcecode.swift; path = FilmsResource.swift; sourceTree = "<group>"; };
		ED72D3A02BDA887500BF29AF /* FilmsDetailResource.swift */ = {isa = PBXFileReference; lastKnownFileType = sourcecode.swift; path = FilmsDetailResource.swift; sourceTree = "<group>"; };
		ED72D3A22BDA945900BF29AF /* MovieType.swift */ = {isa = PBXFileReference; lastKnownFileType = sourcecode.swift; path = MovieType.swift; sourceTree = "<group>"; };
		ED72D3A42BDA952200BF29AF /* Poster.swift */ = {isa = PBXFileReference; lastKnownFileType = sourcecode.swift; path = Poster.swift; sourceTree = "<group>"; };
		ED72D3A62BDA953200BF29AF /* Country.swift */ = {isa = PBXFileReference; lastKnownFileType = sourcecode.swift; path = Country.swift; sourceTree = "<group>"; };
		ED72D3A82BDA954100BF29AF /* Rating.swift */ = {isa = PBXFileReference; lastKnownFileType = sourcecode.swift; path = Rating.swift; sourceTree = "<group>"; };
		ED72D3AA2BDA954E00BF29AF /* Person.swift */ = {isa = PBXFileReference; lastKnownFileType = sourcecode.swift; path = Person.swift; sourceTree = "<group>"; };
		ED72D3AC2BDA955A00BF29AF /* SimilarMovie.swift */ = {isa = PBXFileReference; lastKnownFileType = sourcecode.swift; path = SimilarMovie.swift; sourceTree = "<group>"; };
		ED72D3AE2BDAD5CC00BF29AF /* Typealias.swift */ = {isa = PBXFileReference; lastKnownFileType = sourcecode.swift; path = Typealias.swift; sourceTree = "<group>"; };
		ED72D3B32BDADD0900BF29AF /* DescriptionTableViewCell.swift */ = {isa = PBXFileReference; lastKnownFileType = sourcecode.swift; path = DescriptionTableViewCell.swift; sourceTree = "<group>"; };
		ED72D3B52BDAE6DA00BF29AF /* StateButton.swift */ = {isa = PBXFileReference; lastKnownFileType = sourcecode.swift; path = StateButton.swift; sourceTree = "<group>"; };
		ED72D3B82BDAE84600BF29AF /* FavoritesStorageService.swift */ = {isa = PBXFileReference; lastKnownFileType = sourcecode.swift; path = FavoritesStorageService.swift; sourceTree = "<group>"; };
		ED801EC82BD913830099C11A /* CellType.swift */ = {isa = PBXFileReference; lastKnownFileType = sourcecode.swift; path = CellType.swift; sourceTree = "<group>"; };
		ED801ECD2BD91BD70099C11A /* Detail.swift */ = {isa = PBXFileReference; lastKnownFileType = sourcecode.swift; path = Detail.swift; sourceTree = "<group>"; };
		ED801ECF2BD91C720099C11A /* DetailDTO.swift */ = {isa = PBXFileReference; lastKnownFileType = sourcecode.swift; path = DetailDTO.swift; sourceTree = "<group>"; };
		ED801ED12BD920470099C11A /* InfoTableViewCell.swift */ = {isa = PBXFileReference; lastKnownFileType = sourcecode.swift; path = InfoTableViewCell.swift; sourceTree = "<group>"; };
		ED801ED32BD926120099C11A /* ActorTableViewCell.swift */ = {isa = PBXFileReference; lastKnownFileType = sourcecode.swift; path = ActorTableViewCell.swift; sourceTree = "<group>"; };
		ED801ED52BD926210099C11A /* RecomendationTableViewCell.swift */ = {isa = PBXFileReference; lastKnownFileType = sourcecode.swift; path = RecomendationTableViewCell.swift; sourceTree = "<group>"; };
		ED801EDD2BD952D20099C11A /* ActorsCollectionViewCell.swift */ = {isa = PBXFileReference; lastKnownFileType = sourcecode.swift; path = ActorsCollectionViewCell.swift; sourceTree = "<group>"; };
		ED801EDF2BD964A30099C11A /* RecommendationCollectionViewCell.swift */ = {isa = PBXFileReference; lastKnownFileType = sourcecode.swift; path = RecommendationCollectionViewCell.swift; sourceTree = "<group>"; };
		EDACC5442BD688FD00E0EB72 /* CinemaStar.app */ = {isa = PBXFileReference; explicitFileType = wrapper.application; includeInIndex = 0; path = CinemaStar.app; sourceTree = BUILT_PRODUCTS_DIR; };
		EDACC5472BD688FD00E0EB72 /* AppDelegate.swift */ = {isa = PBXFileReference; lastKnownFileType = sourcecode.swift; path = AppDelegate.swift; sourceTree = "<group>"; };
		EDACC5492BD688FD00E0EB72 /* SceneDelegate.swift */ = {isa = PBXFileReference; lastKnownFileType = sourcecode.swift; path = SceneDelegate.swift; sourceTree = "<group>"; };
		EDACC54B2BD688FD00E0EB72 /* MainViewController.swift */ = {isa = PBXFileReference; lastKnownFileType = sourcecode.swift; path = MainViewController.swift; sourceTree = "<group>"; };
		EDACC54E2BD688FD00E0EB72 /* Base */ = {isa = PBXFileReference; lastKnownFileType = file.storyboard; name = Base; path = Base.lproj/Main.storyboard; sourceTree = "<group>"; };
		EDACC5512BD688FD00E0EB72 /* CinemaStar.xcdatamodel */ = {isa = PBXFileReference; lastKnownFileType = wrapper.xcdatamodel; path = CinemaStar.xcdatamodel; sourceTree = "<group>"; };
		EDACC5532BD688FD00E0EB72 /* Assets.xcassets */ = {isa = PBXFileReference; lastKnownFileType = folder.assetcatalog; path = Assets.xcassets; sourceTree = "<group>"; };
		EDACC5562BD688FD00E0EB72 /* Base */ = {isa = PBXFileReference; lastKnownFileType = file.storyboard; name = Base; path = Base.lproj/LaunchScreen.storyboard; sourceTree = "<group>"; };
		EDACC5582BD688FD00E0EB72 /* Info.plist */ = {isa = PBXFileReference; lastKnownFileType = text.plist.xml; path = Info.plist; sourceTree = "<group>"; };
		EDACC5632BD68CAB00E0EB72 /* FilmDetailsViewController.swift */ = {isa = PBXFileReference; lastKnownFileType = sourcecode.swift; path = FilmDetailsViewController.swift; sourceTree = "<group>"; };
		EDACC5662BD68FD600E0EB72 /* BaseCoordinator.swift */ = {isa = PBXFileReference; lastKnownFileType = sourcecode.swift; path = BaseCoordinator.swift; sourceTree = "<group>"; };
		EDACC5682BD6902000E0EB72 /* AppCoordinator.swift */ = {isa = PBXFileReference; lastKnownFileType = sourcecode.swift; path = AppCoordinator.swift; sourceTree = "<group>"; };
		EDACC56A2BD692FA00E0EB72 /* CinemaCoordinator.swift */ = {isa = PBXFileReference; lastKnownFileType = sourcecode.swift; path = CinemaCoordinator.swift; sourceTree = "<group>"; };
		EDACC56D2BD6960400E0EB72 /* Builder.swift */ = {isa = PBXFileReference; lastKnownFileType = sourcecode.swift; path = Builder.swift; sourceTree = "<group>"; };
		EDACC5772BD69EF100E0EB72 /* MainViewModel.swift */ = {isa = PBXFileReference; lastKnownFileType = sourcecode.swift; path = MainViewModel.swift; sourceTree = "<group>"; };
		EDACC5792BD69F1600E0EB72 /* DetailsViewModel.swift */ = {isa = PBXFileReference; lastKnownFileType = sourcecode.swift; path = DetailsViewModel.swift; sourceTree = "<group>"; };
		EDACC57B2BD6C45600E0EB72 /* Film.swift */ = {isa = PBXFileReference; lastKnownFileType = sourcecode.swift; path = Film.swift; sourceTree = "<group>"; };
		EDACC5802BD6D6FD00E0EB72 /* APIResource.swift */ = {isa = PBXFileReference; lastKnownFileType = sourcecode.swift; path = APIResource.swift; sourceTree = "<group>"; };
		EDACC5822BD6E16400E0EB72 /* AppConstants.swift */ = {isa = PBXFileReference; lastKnownFileType = sourcecode.swift; path = AppConstants.swift; sourceTree = "<group>"; };
		EDACC5842BD6E55600E0EB72 /* CinemaCollectionViewCell.swift */ = {isa = PBXFileReference; lastKnownFileType = sourcecode.swift; path = CinemaCollectionViewCell.swift; sourceTree = "<group>"; };
		EDACC58A2BD6EE1B00E0EB72 /* FilmsDTO.swift */ = {isa = PBXFileReference; lastKnownFileType = sourcecode.swift; path = FilmsDTO.swift; sourceTree = "<group>"; };
		EDACC58C2BD6EE2800E0EB72 /* FilmDTO.swift */ = {isa = PBXFileReference; lastKnownFileType = sourcecode.swift; path = FilmDTO.swift; sourceTree = "<group>"; };
		EDACC58E2BD6EE8B00E0EB72 /* ImageDTO.swift */ = {isa = PBXFileReference; lastKnownFileType = sourcecode.swift; path = ImageDTO.swift; sourceTree = "<group>"; };
		EDACC5902BD6EE9E00E0EB72 /* RatingDTO.swift */ = {isa = PBXFileReference; lastKnownFileType = sourcecode.swift; path = RatingDTO.swift; sourceTree = "<group>"; };
		EDACC59C2BD78EDC00E0EB72 /* Inter.ttf */ = {isa = PBXFileReference; lastKnownFileType = file; name = Inter.ttf; path = "../../../../../../Downloads/Inter 2/Inter.ttf"; sourceTree = "<group>"; };
		EDACC5AA2BD7944000E0EB72 /* InterBold.ttf */ = {isa = PBXFileReference; lastKnownFileType = file; name = InterBold.ttf; path = "../../../../../../Downloads/Inter 2/static/InterBold.ttf"; sourceTree = "<group>"; };
		EDACC5AC2BD7949000E0EB72 /* Inter-Bold.ttf */ = {isa = PBXFileReference; lastKnownFileType = file; name = "Inter-Bold.ttf"; path = "../../../../../../.Trash/Inter-Bold.ttf"; sourceTree = "<group>"; };
/* End PBXFileReference section */

/* Begin PBXFrameworksBuildPhase section */
		EDACC5412BD688FD00E0EB72 /* Frameworks */ = {
			isa = PBXFrameworksBuildPhase;
			buildActionMask = 2147483647;
			files = (
			);
			runOnlyForDeploymentPostprocessing = 0;
		};
/* End PBXFrameworksBuildPhase section */

/* Begin PBXGroup section */
		ED2A38862BD838770000737B /* Request */ = {
			isa = PBXGroup;
			children = (
				ED2A38842BD832F80000737B /* NetworkRequestProtocol.swift */,
				ED2A38872BD8388B0000737B /* ImageRequest.swift */,
				ED2A38892BD838AB0000737B /* ApiRequest.swift */,
			);
			path = Request;
			sourceTree = "<group>";
		};
		ED72D39C2BDA7A0900BF29AF /* SupportingFiles */ = {
			isa = PBXGroup;
			children = (
				EDACC54D2BD688FD00E0EB72 /* Main.storyboard */,
				EDACC5532BD688FD00E0EB72 /* Assets.xcassets */,
				EDACC5552BD688FD00E0EB72 /* LaunchScreen.storyboard */,
			);
			path = SupportingFiles;
			sourceTree = "<group>";
		};
		ED72D39D2BDA884100BF29AF /* Resource */ = {
			isa = PBXGroup;
			children = (
				EDACC5802BD6D6FD00E0EB72 /* APIResource.swift */,
				ED72D39E2BDA885E00BF29AF /* FilmsResource.swift */,
				ED72D3A02BDA887500BF29AF /* FilmsDetailResource.swift */,
			);
			path = Resource;
			sourceTree = "<group>";
		};
		ED72D3B02BDADB4C00BF29AF /* Description */ = {
			isa = PBXGroup;
			children = (
				ED72D3B32BDADD0900BF29AF /* DescriptionTableViewCell.swift */,
			);
			path = Description;
			sourceTree = "<group>";
		};
		ED72D3B72BDAE81B00BF29AF /* FavoritesService */ = {
			isa = PBXGroup;
			children = (
				ED72D3B82BDAE84600BF29AF /* FavoritesStorageService.swift */,
			);
			path = FavoritesService;
			sourceTree = "<group>";
		};
		ED801EC52BD913540099C11A /* Cells */ = {
			isa = PBXGroup;
			children = (
				ED72D3B02BDADB4C00BF29AF /* Description */,
				ED801ECC2BD917D30099C11A /* Recomendation */,
				ED801ECB2BD917C70099C11A /* Actors */,
				ED801ECA2BD917BD0099C11A /* Info */,
				ED801EC82BD913830099C11A /* CellType.swift */,
			);
			path = Cells;
			sourceTree = "<group>";
		};
		ED801ECA2BD917BD0099C11A /* Info */ = {
			isa = PBXGroup;
			children = (
				ED801ED12BD920470099C11A /* InfoTableViewCell.swift */,
				ED72D3AE2BDAD5CC00BF29AF /* Typealias.swift */,
			);
			path = Info;
			sourceTree = "<group>";
		};
		ED801ECB2BD917C70099C11A /* Actors */ = {
			isa = PBXGroup;
			children = (
				ED801ED32BD926120099C11A /* ActorTableViewCell.swift */,
				ED801EDD2BD952D20099C11A /* ActorsCollectionViewCell.swift */,
			);
			path = Actors;
			sourceTree = "<group>";
		};
		ED801ECC2BD917D30099C11A /* Recomendation */ = {
			isa = PBXGroup;
			children = (
				ED801ED52BD926210099C11A /* RecomendationTableViewCell.swift */,
				ED801EDF2BD964A30099C11A /* RecommendationCollectionViewCell.swift */,
			);
			path = Recomendation;
			sourceTree = "<group>";
		};
		EDACC53B2BD688FD00E0EB72 = {
			isa = PBXGroup;
			children = (
				EDACC5462BD688FD00E0EB72 /* CinemaStar */,
				EDACC5452BD688FD00E0EB72 /* Products */,
			);
			sourceTree = "<group>";
		};
		EDACC5452BD688FD00E0EB72 /* Products */ = {
			isa = PBXGroup;
			children = (
				EDACC5442BD688FD00E0EB72 /* CinemaStar.app */,
			);
			name = Products;
			sourceTree = "<group>";
		};
		EDACC5462BD688FD00E0EB72 /* CinemaStar */ = {
			isa = PBXGroup;
			children = (
				EDACC59B2BD78ECA00E0EB72 /* Font */,
				EDACC5582BD688FD00E0EB72 /* Info.plist */,
				ED72D39C2BDA7A0900BF29AF /* SupportingFiles */,
				EDACC5B02BD7E24200E0EB72 /* Extension */,
				EDACC5922BD6F0AA00E0EB72 /* CoreData */,
				EDACC57D2BD6D6AE00E0EB72 /* NetworkService */,
				EDACC5652BD68F7D00E0EB72 /* Coordinaters */,
				EDACC5622BD68C6C00E0EB72 /* DetailScreen */,
				EDACC5612BD68C5800E0EB72 /* MainScreen */,
				EDACC5602BD6899200E0EB72 /* Delegate */,
			);
			path = CinemaStar;
			sourceTree = "<group>";
		};
		EDACC5602BD6899200E0EB72 /* Delegate */ = {
			isa = PBXGroup;
			children = (
				EDACC5492BD688FD00E0EB72 /* SceneDelegate.swift */,
				EDACC5472BD688FD00E0EB72 /* AppDelegate.swift */,
				EDACC5822BD6E16400E0EB72 /* AppConstants.swift */,
			);
			path = Delegate;
			sourceTree = "<group>";
		};
		EDACC5612BD68C5800E0EB72 /* MainScreen */ = {
			isa = PBXGroup;
			children = (
				EDACC5862BD6E55A00E0EB72 /* Cell */,
				EDACC5762BD69E2D00E0EB72 /* ViewModel */,
				EDACC5752BD69E2600E0EB72 /* Model */,
				EDACC5742BD69E1C00E0EB72 /* View */,
			);
			path = MainScreen;
			sourceTree = "<group>";
		};
		EDACC5622BD68C6C00E0EB72 /* DetailScreen */ = {
			isa = PBXGroup;
			children = (
				ED72D3B72BDAE81B00BF29AF /* FavoritesService */,
				ED801EC52BD913540099C11A /* Cells */,
				EDACC5732BD69E0600E0EB72 /* ViewModel */,
				EDACC5722BD69DF900E0EB72 /* Model */,
				EDACC56F2BD69DD800E0EB72 /* View */,
			);
			path = DetailScreen;
			sourceTree = "<group>";
		};
		EDACC5652BD68F7D00E0EB72 /* Coordinaters */ = {
			isa = PBXGroup;
			children = (
				EDACC56C2BD695D000E0EB72 /* Builder */,
				EDACC5662BD68FD600E0EB72 /* BaseCoordinator.swift */,
				EDACC5682BD6902000E0EB72 /* AppCoordinator.swift */,
				EDACC56A2BD692FA00E0EB72 /* CinemaCoordinator.swift */,
			);
			path = Coordinaters;
			sourceTree = "<group>";
		};
		EDACC56C2BD695D000E0EB72 /* Builder */ = {
			isa = PBXGroup;
			children = (
				EDACC56D2BD6960400E0EB72 /* Builder.swift */,
			);
			path = Builder;
			sourceTree = "<group>";
		};
		EDACC56F2BD69DD800E0EB72 /* View */ = {
			isa = PBXGroup;
			children = (
				EDACC5632BD68CAB00E0EB72 /* FilmDetailsViewController.swift */,
			);
			path = View;
			sourceTree = "<group>";
		};
		EDACC5722BD69DF900E0EB72 /* Model */ = {
			isa = PBXGroup;
			children = (
				ED801ECD2BD91BD70099C11A /* Detail.swift */,
				ED72D3A22BDA945900BF29AF /* MovieType.swift */,
				ED72D3B52BDAE6DA00BF29AF /* StateButton.swift */,
			);
			path = Model;
			sourceTree = "<group>";
		};
		EDACC5732BD69E0600E0EB72 /* ViewModel */ = {
			isa = PBXGroup;
			children = (
				EDACC5792BD69F1600E0EB72 /* DetailsViewModel.swift */,
			);
			path = ViewModel;
			sourceTree = "<group>";
		};
		EDACC5742BD69E1C00E0EB72 /* View */ = {
			isa = PBXGroup;
			children = (
				EDACC54B2BD688FD00E0EB72 /* MainViewController.swift */,
			);
			path = View;
			sourceTree = "<group>";
		};
		EDACC5752BD69E2600E0EB72 /* Model */ = {
			isa = PBXGroup;
			children = (
				EDACC57B2BD6C45600E0EB72 /* Film.swift */,
			);
			path = Model;
			sourceTree = "<group>";
		};
		EDACC5762BD69E2D00E0EB72 /* ViewModel */ = {
			isa = PBXGroup;
			children = (
				EDACC5772BD69EF100E0EB72 /* MainViewModel.swift */,
			);
			path = ViewModel;
			sourceTree = "<group>";
		};
		EDACC57D2BD6D6AE00E0EB72 /* NetworkService */ = {
			isa = PBXGroup;
			children = (
				ED72D39D2BDA884100BF29AF /* Resource */,
				ED2A38862BD838770000737B /* Request */,
				EDACC5872BD6EDAC00E0EB72 /* DTO */,
			);
			path = NetworkService;
			sourceTree = "<group>";
		};
		EDACC5862BD6E55A00E0EB72 /* Cell */ = {
			isa = PBXGroup;
			children = (
				EDACC5842BD6E55600E0EB72 /* CinemaCollectionViewCell.swift */,
			);
			path = Cell;
			sourceTree = "<group>";
		};
		EDACC5872BD6EDAC00E0EB72 /* DTO */ = {
			isa = PBXGroup;
			children = (
				EDACC5892BD6EDC600E0EB72 /* DetailsDTO */,
				EDACC5882BD6EDBA00E0EB72 /* FilmsDTO */,
			);
			path = DTO;
			sourceTree = "<group>";
		};
		EDACC5882BD6EDBA00E0EB72 /* FilmsDTO */ = {
			isa = PBXGroup;
			children = (
				EDACC58A2BD6EE1B00E0EB72 /* FilmsDTO.swift */,
				EDACC58C2BD6EE2800E0EB72 /* FilmDTO.swift */,
				EDACC58E2BD6EE8B00E0EB72 /* ImageDTO.swift */,
				EDACC5902BD6EE9E00E0EB72 /* RatingDTO.swift */,
			);
			path = FilmsDTO;
			sourceTree = "<group>";
		};
		EDACC5892BD6EDC600E0EB72 /* DetailsDTO */ = {
			isa = PBXGroup;
			children = (
				ED801ECF2BD91C720099C11A /* DetailDTO.swift */,
				ED72D3A42BDA952200BF29AF /* Poster.swift */,
				ED72D3A62BDA953200BF29AF /* Country.swift */,
				ED72D3A82BDA954100BF29AF /* Rating.swift */,
				ED72D3AA2BDA954E00BF29AF /* Person.swift */,
				ED72D3AC2BDA955A00BF29AF /* SimilarMovie.swift */,
			);
			path = DetailsDTO;
			sourceTree = "<group>";
		};
		EDACC5922BD6F0AA00E0EB72 /* CoreData */ = {
			isa = PBXGroup;
			children = (
				EDACC5502BD688FD00E0EB72 /* CinemaStar.xcdatamodeld */,
			);
			path = CoreData;
			sourceTree = "<group>";
		};
		EDACC59B2BD78ECA00E0EB72 /* Font */ = {
			isa = PBXGroup;
			children = (
				EDACC5AA2BD7944000E0EB72 /* InterBold.ttf */,
				EDACC5AC2BD7949000E0EB72 /* Inter-Bold.ttf */,
				EDACC59C2BD78EDC00E0EB72 /* Inter.ttf */,
			);
			path = Font;
			sourceTree = "<group>";
		};
		EDACC5B02BD7E24200E0EB72 /* Extension */ = {
			isa = PBXGroup;
			children = (
			);
			path = Extension;
			sourceTree = "<group>";
		};
/* End PBXGroup section */

/* Begin PBXNativeTarget section */
		EDACC5432BD688FD00E0EB72 /* CinemaStar */ = {
			isa = PBXNativeTarget;
			buildConfigurationList = EDACC55B2BD688FD00E0EB72 /* Build configuration list for PBXNativeTarget "CinemaStar" */;
			buildPhases = (
				EDACC55E2BD6891600E0EB72 /* SwiftFormat */,
				EDACC55F2BD6892700E0EB72 /* SwiftLint */,
				EDACC5402BD688FD00E0EB72 /* Sources */,
				EDACC5412BD688FD00E0EB72 /* Frameworks */,
				EDACC5422BD688FD00E0EB72 /* Resources */,
			);
			buildRules = (
			);
			dependencies = (
			);
			name = CinemaStar;
			productName = CinemaStar;
			productReference = EDACC5442BD688FD00E0EB72 /* CinemaStar.app */;
			productType = "com.apple.product-type.application";
		};
/* End PBXNativeTarget section */

/* Begin PBXProject section */
		EDACC53C2BD688FD00E0EB72 /* Project object */ = {
			isa = PBXProject;
			attributes = {
				BuildIndependentTargetsInParallel = 1;
				LastSwiftUpdateCheck = 1430;
				LastUpgradeCheck = 1430;
				TargetAttributes = {
					EDACC5432BD688FD00E0EB72 = {
						CreatedOnToolsVersion = 14.3.1;
					};
				};
			};
			buildConfigurationList = EDACC53F2BD688FD00E0EB72 /* Build configuration list for PBXProject "CinemaStar" */;
			compatibilityVersion = "Xcode 14.0";
			developmentRegion = en;
			hasScannedForEncodings = 0;
			knownRegions = (
				en,
				Base,
			);
			mainGroup = EDACC53B2BD688FD00E0EB72;
			productRefGroup = EDACC5452BD688FD00E0EB72 /* Products */;
			projectDirPath = "";
			projectRoot = "";
			targets = (
				EDACC5432BD688FD00E0EB72 /* CinemaStar */,
			);
		};
/* End PBXProject section */

/* Begin PBXResourcesBuildPhase section */
		EDACC5422BD688FD00E0EB72 /* Resources */ = {
			isa = PBXResourcesBuildPhase;
			buildActionMask = 2147483647;
			files = (
				EDACC5AD2BD7949000E0EB72 /* Inter-Bold.ttf in Resources */,
				EDACC5572BD688FD00E0EB72 /* LaunchScreen.storyboard in Resources */,
				EDACC5542BD688FD00E0EB72 /* Assets.xcassets in Resources */,
				EDACC5AB2BD7944000E0EB72 /* InterBold.ttf in Resources */,
				EDACC59D2BD78EDC00E0EB72 /* Inter.ttf in Resources */,
				EDACC54F2BD688FD00E0EB72 /* Main.storyboard in Resources */,
			);
			runOnlyForDeploymentPostprocessing = 0;
		};
/* End PBXResourcesBuildPhase section */

/* Begin PBXShellScriptBuildPhase section */
		EDACC55E2BD6891600E0EB72 /* SwiftFormat */ = {
			isa = PBXShellScriptBuildPhase;
			alwaysOutOfDate = 1;
			buildActionMask = 2147483647;
			files = (
			);
			inputFileListPaths = (
			);
			inputPaths = (
			);
			name = SwiftFormat;
			outputFileListPaths = (
			);
			outputPaths = (
			);
			runOnlyForDeploymentPostprocessing = 0;
			shellPath = /bin/sh;
			shellScript = "if [[ \"$(uname -m)\" == arm64 ]]; then\n    export PATH=\"/opt/homebrew/bin:$PATH\"\nfi\n\nif which swiftformat > /dev/null; then\n  swiftformat .\nelse\n  echo \"warning: SwiftFormat not installed, download from https://github.com/nicklockwood/SwiftFormat\"\nfi\n";
			showEnvVarsInLog = 0;
		};
		EDACC55F2BD6892700E0EB72 /* SwiftLint */ = {
			isa = PBXShellScriptBuildPhase;
			alwaysOutOfDate = 1;
			buildActionMask = 2147483647;
			files = (
			);
			inputFileListPaths = (
			);
			inputPaths = (
			);
			name = SwiftLint;
			outputFileListPaths = (
			);
			outputPaths = (
			);
			runOnlyForDeploymentPostprocessing = 0;
			shellPath = /bin/sh;
			shellScript = "if [[ \"$(uname -m)\" == arm64 ]]; then\n    export PATH=\"/opt/homebrew/bin:$PATH\"\nfi\n\nif which swiftlint > /dev/null; then\n  swiftlint\nelse\n  echo \"warning: SwiftLint not installed, download from https://github.com/realm/SwiftLint\"\nfi\n";
			showEnvVarsInLog = 0;
		};
/* End PBXShellScriptBuildPhase section */

/* Begin PBXSourcesBuildPhase section */
		EDACC5402BD688FD00E0EB72 /* Sources */ = {
			isa = PBXSourcesBuildPhase;
			buildActionMask = 2147483647;
			files = (
				ED72D3AD2BDA955A00BF29AF /* SimilarMovie.swift in Sources */,
				EDACC5782BD69EF100E0EB72 /* MainViewModel.swift in Sources */,
				ED72D39F2BDA885E00BF29AF /* FilmsResource.swift in Sources */,
				ED2A38882BD8388B0000737B /* ImageRequest.swift in Sources */,
				EDACC58D2BD6EE2800E0EB72 /* FilmDTO.swift in Sources */,
				EDACC57C2BD6C45600E0EB72 /* Film.swift in Sources */,
				ED72D3B42BDADD0900BF29AF /* DescriptionTableViewCell.swift in Sources */,
				ED801ED42BD926120099C11A /* ActorTableViewCell.swift in Sources */,
				ED801EE02BD964A30099C11A /* RecommendationCollectionViewCell.swift in Sources */,
				EDACC54C2BD688FD00E0EB72 /* MainViewController.swift in Sources */,
				ED801ED02BD91C720099C11A /* DetailDTO.swift in Sources */,
				ED72D3AB2BDA954E00BF29AF /* Person.swift in Sources */,
				EDACC58F2BD6EE8B00E0EB72 /* ImageDTO.swift in Sources */,
				ED72D3A12BDA887500BF29AF /* FilmsDetailResource.swift in Sources */,
				EDACC5832BD6E16400E0EB72 /* AppConstants.swift in Sources */,
				ED2A38852BD832F80000737B /* NetworkRequestProtocol.swift in Sources */,
				EDACC5812BD6D6FD00E0EB72 /* APIResource.swift in Sources */,
				ED72D3A52BDA952200BF29AF /* Poster.swift in Sources */,
				ED801EDE2BD952D20099C11A /* ActorsCollectionViewCell.swift in Sources */,
				ED801ED62BD926210099C11A /* RecomendationTableViewCell.swift in Sources */,
				ED2A388A2BD838AB0000737B /* ApiRequest.swift in Sources */,
				EDACC5672BD68FD600E0EB72 /* BaseCoordinator.swift in Sources */,
				ED801EC92BD913830099C11A /* CellType.swift in Sources */,
				EDACC5482BD688FD00E0EB72 /* AppDelegate.swift in Sources */,
				EDACC56B2BD692FA00E0EB72 /* CinemaCoordinator.swift in Sources */,
				EDACC5522BD688FD00E0EB72 /* CinemaStar.xcdatamodeld in Sources */,
				EDACC56E2BD6960400E0EB72 /* Builder.swift in Sources */,
				ED72D3B62BDAE6DA00BF29AF /* StateButton.swift in Sources */,
				ED72D3A92BDA954100BF29AF /* Rating.swift in Sources */,
				ED72D3B92BDAE84600BF29AF /* FavoritesStorageService.swift in Sources */,
				EDACC57A2BD69F1600E0EB72 /* DetailsViewModel.swift in Sources */,
				ED801ED22BD920470099C11A /* InfoTableViewCell.swift in Sources */,
				EDACC5912BD6EE9E00E0EB72 /* RatingDTO.swift in Sources */,
				EDACC54A2BD688FD00E0EB72 /* SceneDelegate.swift in Sources */,
				ED72D3A72BDA953200BF29AF /* Country.swift in Sources */,
				ED801ECE2BD91BD70099C11A /* Detail.swift in Sources */,
				ED72D3A32BDA945900BF29AF /* MovieType.swift in Sources */,
				EDACC58B2BD6EE1B00E0EB72 /* FilmsDTO.swift in Sources */,
				EDACC5852BD6E55600E0EB72 /* CinemaCollectionViewCell.swift in Sources */,
				EDACC5642BD68CAB00E0EB72 /* FilmDetailsViewController.swift in Sources */,
				ED72D3AF2BDAD5CC00BF29AF /* Typealias.swift in Sources */,
				EDACC5692BD6902000E0EB72 /* AppCoordinator.swift in Sources */,
			);
			runOnlyForDeploymentPostprocessing = 0;
		};
/* End PBXSourcesBuildPhase section */

/* Begin PBXVariantGroup section */
		EDACC54D2BD688FD00E0EB72 /* Main.storyboard */ = {
			isa = PBXVariantGroup;
			children = (
				EDACC54E2BD688FD00E0EB72 /* Base */,
			);
			name = Main.storyboard;
			sourceTree = "<group>";
		};
		EDACC5552BD688FD00E0EB72 /* LaunchScreen.storyboard */ = {
			isa = PBXVariantGroup;
			children = (
				EDACC5562BD688FD00E0EB72 /* Base */,
			);
			name = LaunchScreen.storyboard;
			sourceTree = "<group>";
		};
/* End PBXVariantGroup section */

/* Begin XCBuildConfiguration section */
		EDACC5592BD688FD00E0EB72 /* Debug */ = {
			isa = XCBuildConfiguration;
			buildSettings = {
				ALWAYS_SEARCH_USER_PATHS = NO;
				CLANG_ANALYZER_NONNULL = YES;
				CLANG_ANALYZER_NUMBER_OBJECT_CONVERSION = YES_AGGRESSIVE;
				CLANG_CXX_LANGUAGE_STANDARD = "gnu++20";
				CLANG_ENABLE_MODULES = YES;
				CLANG_ENABLE_OBJC_ARC = YES;
				CLANG_ENABLE_OBJC_WEAK = YES;
				CLANG_WARN_BLOCK_CAPTURE_AUTORELEASING = YES;
				CLANG_WARN_BOOL_CONVERSION = YES;
				CLANG_WARN_COMMA = YES;
				CLANG_WARN_CONSTANT_CONVERSION = YES;
				CLANG_WARN_DEPRECATED_OBJC_IMPLEMENTATIONS = YES;
				CLANG_WARN_DIRECT_OBJC_ISA_USAGE = YES_ERROR;
				CLANG_WARN_DOCUMENTATION_COMMENTS = YES;
				CLANG_WARN_EMPTY_BODY = YES;
				CLANG_WARN_ENUM_CONVERSION = YES;
				CLANG_WARN_INFINITE_RECURSION = YES;
				CLANG_WARN_INT_CONVERSION = YES;
				CLANG_WARN_NON_LITERAL_NULL_CONVERSION = YES;
				CLANG_WARN_OBJC_IMPLICIT_RETAIN_SELF = YES;
				CLANG_WARN_OBJC_LITERAL_CONVERSION = YES;
				CLANG_WARN_OBJC_ROOT_CLASS = YES_ERROR;
				CLANG_WARN_QUOTED_INCLUDE_IN_FRAMEWORK_HEADER = YES;
				CLANG_WARN_RANGE_LOOP_ANALYSIS = YES;
				CLANG_WARN_STRICT_PROTOTYPES = YES;
				CLANG_WARN_SUSPICIOUS_MOVE = YES;
				CLANG_WARN_UNGUARDED_AVAILABILITY = YES_AGGRESSIVE;
				CLANG_WARN_UNREACHABLE_CODE = YES;
				CLANG_WARN__DUPLICATE_METHOD_MATCH = YES;
				COPY_PHASE_STRIP = NO;
				DEBUG_INFORMATION_FORMAT = dwarf;
				ENABLE_STRICT_OBJC_MSGSEND = YES;
				ENABLE_TESTABILITY = YES;
				GCC_C_LANGUAGE_STANDARD = gnu11;
				GCC_DYNAMIC_NO_PIC = NO;
				GCC_NO_COMMON_BLOCKS = YES;
				GCC_OPTIMIZATION_LEVEL = 0;
				GCC_PREPROCESSOR_DEFINITIONS = (
					"DEBUG=1",
					"$(inherited)",
				);
				GCC_WARN_64_TO_32_BIT_CONVERSION = YES;
				GCC_WARN_ABOUT_RETURN_TYPE = YES_ERROR;
				GCC_WARN_UNDECLARED_SELECTOR = YES;
				GCC_WARN_UNINITIALIZED_AUTOS = YES_AGGRESSIVE;
				GCC_WARN_UNUSED_FUNCTION = YES;
				GCC_WARN_UNUSED_VARIABLE = YES;
				IPHONEOS_DEPLOYMENT_TARGET = 16.4;
				MTL_ENABLE_DEBUG_INFO = INCLUDE_SOURCE;
				MTL_FAST_MATH = YES;
				ONLY_ACTIVE_ARCH = YES;
				SDKROOT = iphoneos;
				SWIFT_ACTIVE_COMPILATION_CONDITIONS = DEBUG;
				SWIFT_OPTIMIZATION_LEVEL = "-Onone";
			};
			name = Debug;
		};
		EDACC55A2BD688FD00E0EB72 /* Release */ = {
			isa = XCBuildConfiguration;
			buildSettings = {
				ALWAYS_SEARCH_USER_PATHS = NO;
				CLANG_ANALYZER_NONNULL = YES;
				CLANG_ANALYZER_NUMBER_OBJECT_CONVERSION = YES_AGGRESSIVE;
				CLANG_CXX_LANGUAGE_STANDARD = "gnu++20";
				CLANG_ENABLE_MODULES = YES;
				CLANG_ENABLE_OBJC_ARC = YES;
				CLANG_ENABLE_OBJC_WEAK = YES;
				CLANG_WARN_BLOCK_CAPTURE_AUTORELEASING = YES;
				CLANG_WARN_BOOL_CONVERSION = YES;
				CLANG_WARN_COMMA = YES;
				CLANG_WARN_CONSTANT_CONVERSION = YES;
				CLANG_WARN_DEPRECATED_OBJC_IMPLEMENTATIONS = YES;
				CLANG_WARN_DIRECT_OBJC_ISA_USAGE = YES_ERROR;
				CLANG_WARN_DOCUMENTATION_COMMENTS = YES;
				CLANG_WARN_EMPTY_BODY = YES;
				CLANG_WARN_ENUM_CONVERSION = YES;
				CLANG_WARN_INFINITE_RECURSION = YES;
				CLANG_WARN_INT_CONVERSION = YES;
				CLANG_WARN_NON_LITERAL_NULL_CONVERSION = YES;
				CLANG_WARN_OBJC_IMPLICIT_RETAIN_SELF = YES;
				CLANG_WARN_OBJC_LITERAL_CONVERSION = YES;
				CLANG_WARN_OBJC_ROOT_CLASS = YES_ERROR;
				CLANG_WARN_QUOTED_INCLUDE_IN_FRAMEWORK_HEADER = YES;
				CLANG_WARN_RANGE_LOOP_ANALYSIS = YES;
				CLANG_WARN_STRICT_PROTOTYPES = YES;
				CLANG_WARN_SUSPICIOUS_MOVE = YES;
				CLANG_WARN_UNGUARDED_AVAILABILITY = YES_AGGRESSIVE;
				CLANG_WARN_UNREACHABLE_CODE = YES;
				CLANG_WARN__DUPLICATE_METHOD_MATCH = YES;
				COPY_PHASE_STRIP = NO;
				DEBUG_INFORMATION_FORMAT = "dwarf-with-dsym";
				ENABLE_NS_ASSERTIONS = NO;
				ENABLE_STRICT_OBJC_MSGSEND = YES;
				GCC_C_LANGUAGE_STANDARD = gnu11;
				GCC_NO_COMMON_BLOCKS = YES;
				GCC_WARN_64_TO_32_BIT_CONVERSION = YES;
				GCC_WARN_ABOUT_RETURN_TYPE = YES_ERROR;
				GCC_WARN_UNDECLARED_SELECTOR = YES;
				GCC_WARN_UNINITIALIZED_AUTOS = YES_AGGRESSIVE;
				GCC_WARN_UNUSED_FUNCTION = YES;
				GCC_WARN_UNUSED_VARIABLE = YES;
				IPHONEOS_DEPLOYMENT_TARGET = 16.4;
				MTL_ENABLE_DEBUG_INFO = NO;
				MTL_FAST_MATH = YES;
				SDKROOT = iphoneos;
				SWIFT_COMPILATION_MODE = wholemodule;
				SWIFT_OPTIMIZATION_LEVEL = "-O";
				VALIDATE_PRODUCT = YES;
			};
			name = Release;
		};
		EDACC55C2BD688FD00E0EB72 /* Debug */ = {
			isa = XCBuildConfiguration;
			buildSettings = {
				ASSETCATALOG_COMPILER_APPICON_NAME = AppIcon;
				ASSETCATALOG_COMPILER_GLOBAL_ACCENT_COLOR_NAME = AccentColor;
				CODE_SIGN_STYLE = Automatic;
				CURRENT_PROJECT_VERSION = 1;
				GENERATE_INFOPLIST_FILE = YES;
				INFOPLIST_FILE = CinemaStar/Info.plist;
				INFOPLIST_KEY_UIApplicationSupportsIndirectInputEvents = YES;
				INFOPLIST_KEY_UILaunchStoryboardName = LaunchScreen;
				INFOPLIST_KEY_UIMainStoryboardFile = Main;
				INFOPLIST_KEY_UISupportedInterfaceOrientations_iPad = "UIInterfaceOrientationPortrait UIInterfaceOrientationPortraitUpsideDown UIInterfaceOrientationLandscapeLeft UIInterfaceOrientationLandscapeRight";
				INFOPLIST_KEY_UISupportedInterfaceOrientations_iPhone = "UIInterfaceOrientationPortrait UIInterfaceOrientationLandscapeLeft UIInterfaceOrientationLandscapeRight";
				LD_RUNPATH_SEARCH_PATHS = (
					"$(inherited)",
					"@executable_path/Frameworks",
				);
				MARKETING_VERSION = 1.0;
				PRODUCT_BUNDLE_IDENTIFIER = com.helendudareva.CinemaStar;
				PRODUCT_NAME = "$(TARGET_NAME)";
				SWIFT_EMIT_LOC_STRINGS = YES;
				SWIFT_VERSION = 5.0;
				TARGETED_DEVICE_FAMILY = "1,2";
			};
			name = Debug;
		};
		EDACC55D2BD688FD00E0EB72 /* Release */ = {
			isa = XCBuildConfiguration;
			buildSettings = {
				ASSETCATALOG_COMPILER_APPICON_NAME = AppIcon;
				ASSETCATALOG_COMPILER_GLOBAL_ACCENT_COLOR_NAME = AccentColor;
				CODE_SIGN_STYLE = Automatic;
				CURRENT_PROJECT_VERSION = 1;
				GENERATE_INFOPLIST_FILE = YES;
				INFOPLIST_FILE = CinemaStar/Info.plist;
				INFOPLIST_KEY_UIApplicationSupportsIndirectInputEvents = YES;
				INFOPLIST_KEY_UILaunchStoryboardName = LaunchScreen;
				INFOPLIST_KEY_UIMainStoryboardFile = Main;
				INFOPLIST_KEY_UISupportedInterfaceOrientations_iPad = "UIInterfaceOrientationPortrait UIInterfaceOrientationPortraitUpsideDown UIInterfaceOrientationLandscapeLeft UIInterfaceOrientationLandscapeRight";
				INFOPLIST_KEY_UISupportedInterfaceOrientations_iPhone = "UIInterfaceOrientationPortrait UIInterfaceOrientationLandscapeLeft UIInterfaceOrientationLandscapeRight";
				LD_RUNPATH_SEARCH_PATHS = (
					"$(inherited)",
					"@executable_path/Frameworks",
				);
				MARKETING_VERSION = 1.0;
				PRODUCT_BUNDLE_IDENTIFIER = com.helendudareva.CinemaStar;
				PRODUCT_NAME = "$(TARGET_NAME)";
				SWIFT_EMIT_LOC_STRINGS = YES;
				SWIFT_VERSION = 5.0;
				TARGETED_DEVICE_FAMILY = "1,2";
			};
			name = Release;
		};
/* End XCBuildConfiguration section */

/* Begin XCConfigurationList section */
		EDACC53F2BD688FD00E0EB72 /* Build configuration list for PBXProject "CinemaStar" */ = {
			isa = XCConfigurationList;
			buildConfigurations = (
				EDACC5592BD688FD00E0EB72 /* Debug */,
				EDACC55A2BD688FD00E0EB72 /* Release */,
			);
			defaultConfigurationIsVisible = 0;
			defaultConfigurationName = Release;
		};
		EDACC55B2BD688FD00E0EB72 /* Build configuration list for PBXNativeTarget "CinemaStar" */ = {
			isa = XCConfigurationList;
			buildConfigurations = (
				EDACC55C2BD688FD00E0EB72 /* Debug */,
				EDACC55D2BD688FD00E0EB72 /* Release */,
			);
			defaultConfigurationIsVisible = 0;
			defaultConfigurationName = Release;
		};
/* End XCConfigurationList section */

/* Begin XCVersionGroup section */
		EDACC5502BD688FD00E0EB72 /* CinemaStar.xcdatamodeld */ = {
			isa = XCVersionGroup;
			children = (
				EDACC5512BD688FD00E0EB72 /* CinemaStar.xcdatamodel */,
			);
			currentVersion = EDACC5512BD688FD00E0EB72 /* CinemaStar.xcdatamodel */;
			path = CinemaStar.xcdatamodeld;
			sourceTree = "<group>";
			versionGroupType = wrapper.xcdatamodel;
		};
/* End XCVersionGroup section */
	};
	rootObject = EDACC53C2BD688FD00E0EB72 /* Project object */;
}
